version = 1
revision = 3
requires-python = ">=3.11"
resolution-markers = [
    "python_full_version >= '3.12'",
    "python_full_version < '3.12'",
]

[[package]]
name = "kodacad2"
version = "2.0.0"
source = { virtual = "." }
dependencies = [
    { name = "ocp" },
    { name = "pyside6" },
]

[package.metadata]
requires-dist = [
    { name = "ocp" },
    { name = "pyside6" },
]

[[package]]
name = "ocp"
version = "0.1.4"
source = { registry = "https://pypi.org/simple" }
dependencies = [
    { name = "ocp-darwin-amd64", marker = "platform_machine == 'x86_64' and sys_platform == 'darwin'" },
    { name = "ocp-darwin-arm64", marker = "platform_machine == 'aarch64' and sys_platform == 'darwin'" },
    { name = "ocp-linux-386", marker = "platform_machine == 'i386' and sys_platform == 'linux'" },
    { name = "ocp-linux-amd64", marker = "platform_machine == 'x86_64' and sys_platform == 'linux'" },
    { name = "ocp-linux-arm", marker = "platform_machine == 'arm' and sys_platform == 'linux'" },
    { name = "ocp-linux-arm64", marker = "platform_machine == 'aarch64' and sys_platform == 'linux'" },
    { name = "ocp-windows-386", marker = "platform_machine == 'i386' and sys_platform == 'win32'" },
    { name = "ocp-windows-amd64", marker = "platform_machine == 'x86_64' and sys_platform == 'win32'" },
]
wheels = [
    { url = "https://files.pythonhosted.org/packages/08/1b/8e07a130454f86f539245a67ec905d3d9c44a011386eba5ce8528ae8307e/ocp-0.1.4-py3-none-any.whl", hash = "sha256:6986f9e905d9e09570a2295c42b7d047acac628f46c1d160a93bdc645fb981b6", size = 10727, upload-time = "2021-03-19T16:15:45.308Z" },
]

[[package]]
name = "ocp-darwin-amd64"
version = "0.1.9"
source = { registry = "https://pypi.org/simple" }
wheels = [
    { url = "https://files.pythonhosted.org/packages/a3/60/190b26c6087146e94f05132d242b725ab9e869d48c74c4a8f960f9191ae0/ocp_darwin_amd64-0.1.9-py3-none-any.whl", hash = "sha256:f89eaf3dc87afaf068344b6f8284b3544b3004cc3e9928f7562931dbe73ad628", size = 23521696, upload-time = "2022-10-10T08:12:56.652Z" },
]

[[package]]
name = "ocp-darwin-arm64"
version = "0.1.9"
source = { registry = "https://pypi.org/simple" }
wheels = [
    { url = "https://files.pythonhosted.org/packages/2a/49/da2c002cf135fd75933295fa9622137554058b9ec162cd142086f9824c63/ocp_darwin_arm64-0.1.9-py3-none-any.whl", hash = "sha256:71fedc02b0173fb71a7cdddeee475c00f34d4db78488ae619c12ec3d43d195f7", size = 22490670, upload-time = "2022-10-10T08:12:58.862Z" },
]

[[package]]
name = "ocp-linux-386"
version = "0.1.4"
source = { registry = "https://pypi.org/simple" }
wheels = [
    { url = "https://files.pythonhosted.org/packages/b0/09/64737b7fccc65258602d2729c725d4e7312bfdf4d9a4e0d887ad03250693/ocp_linux_386-0.1.4-py3-none-any.whl", hash = "sha256:5843482125c76de0489597fee0ebd3d64f977c40ad25772576e55bd538e95a32", size = 25798728, upload-time = "2021-03-19T16:17:32.313Z" },
]

[[package]]
name = "ocp-linux-amd64"
version = "0.1.9"
source = { registry = "https://pypi.org/simple" }
wheels = [
    { url = "https://files.pythonhosted.org/packages/69/40/95c60d2c91bc423e1cb79a5e9b4407241bf1d4a7f97862492f728a96f8cd/ocp_linux_amd64-0.1.9-py3-none-any.whl", hash = "sha256:fc0b03d016a50b5686ea2d9eae9b2a2a7028ff4844adb2a0cb51e96b3f91b16f", size = 24861786, upload-time = "2022-10-10T08:13:52.256Z" },
]

[[package]]
name = "ocp-linux-arm"
version = "0.1.4"
source = { registry = "https://pypi.org/simple" }
wheels = [
    { url = "https://files.pythonhosted.org/packages/e7/2e/b59820d10d0447b991f4e80235a7c521e8e2ee94af95fdbd73369073156d/ocp_linux_arm-0.1.4-py3-none-any.whl", hash = "sha256:c0e97b9bd07877f8db124eb6a90ec2c60b859307ecb3ae00cd9572393ff17b66", size = 25798728, upload-time = "2021-03-19T16:17:29.788Z" },
]

[[package]]
name = "ocp-linux-arm64"
version = "0.1.4"
source = { registry = "https://pypi.org/simple" }
wheels = [
    { url = "https://files.pythonhosted.org/packages/09/1d/30280f41d230aaf0ebc29062454c767fc3f19e3b647dc6ec6f2567a9d190/ocp_linux_arm64-0.1.4-py3-none-any.whl", hash = "sha256:42ae2c7851e1ea1b0cb89d993a3dcbe5bf457ec5842d314521e0df8e13f74c96", size = 25798756, upload-time = "2021-03-19T16:17:23.192Z" },
]

[[package]]
name = "ocp-windows-386"
version = "0.1.4"
source = { registry = "https://pypi.org/simple" }
wheels = [
    { url = "https://files.pythonhosted.org/packages/d5/0a/eae92bc35a9ecc5073e3dba8d8ba81711b3dcb00064cab2da45c275db635/ocp_windows_386-0.1.4-py3-none-any.whl", hash = "sha256:bbfd05c272d2e80fd83aec24f19229303c096a8175cbff03a6f4f618276cdad0", size = 25798758, upload-time = "2021-03-19T16:17:30.722Z" },
]

[[package]]
name = "ocp-windows-amd64"
version = "0.1.9"
source = { registry = "https://pypi.org/simple" }
wheels = [
    { url = "https://files.pythonhosted.org/packages/2b/a1/1fca57e9286c7dd2fb5ffa83e7bddbe94073797681e3c8eaaff729ac62c3/ocp_windows_amd64-0.1.9-py3-none-any.whl", hash = "sha256:d0efa1085f4490afee9816a071e16feab302750d8f903665a00eb658d2155c03", size = 23813573, upload-time = "2022-10-10T08:12:55.51Z" },
]

[[package]]
name = "pyside6"
version = "6.11.1"
source = { registry = "https://pypi.org/simple" }
dependencies = [
    { name = "pyside6-addons" },
    { name = "pyside6-essentials" },
    { name = "shiboken6" },
]
wheels = [
    { url = "https://files.pythonhosted.org/packages/da/a6/27ba5947ed48918f7b74b7c43a1e280aac069e36f25adeb4c9adfac835c4/pyside6-6.11.1-cp310-abi3-macosx_13_0_universal2.whl", hash = "sha256:537682c3b7530817203e667c1f5a2f00486b37bf52c52eeab438544c7a0917f6", size = 571921, upload-time = "2026-05-13T09:47:36.402Z" },
    { url = "https://files.pythonhosted.org/packages/d8/de/af89d71410c83b10654d86ff9aff2a4f87c30163658f1cc145242e222526/pyside6-6.11.1-cp310-abi3-manylinux_2_34_x86_64.whl", hash = "sha256:b1fc521ba2bb5109425ab8add06bddbdd524abcad06cfa012cc39a22a189feb2", size = 572102, upload-time = "2026-05-13T09:47:38.249Z" },
    { url = "https://files.pythonhosted.org/packages/b6/0e/d583bd3f7bf5046a4497b36f3902cfb64aa29554489a5a25c18e6b4ac0ac/pyside6-6.11.1-cp310-abi3-manylinux_2_39_aarch64.whl", hash = "sha256:75f0005c3eb95c07cfb65522ec50d0815ac007a96482c21dc3cb4b4c04895d84", size = 572098, upload-time = "2026-05-13T09:47:39.44Z" },
    { url = "https://files.pythonhosted.org/packages/57/f2/d9d8ce1373dabb37e5919f63cd18446556079631d3f2eea3ada03c29f6b8/pyside6-6.11.1-cp310-abi3-win_amd64.whl", hash = "sha256:0968877ab1fb4ef3587a284da6fe05e8647ada56a6a3750b6395188e01f4aba6", size = 578377, upload-time = "2026-05-13T09:47:40.76Z" },
    { url = "https://files.pythonhosted.org/packages/96/02/a6057d8bd2bdb1940820fff2d627fdf4013148c9c57adf69fa40d3452ac3/pyside6-6.11.1-cp310-abi3-win_arm64.whl", hash = "sha256:acee467cb5f256cc47ebb9d815a054c1d8416da380c191b247a76d164aa3f805", size = 561765, upload-time = "2026-05-13T09:47:41.9Z" },
]

[[package]]
name = "pyside6-addons"
version = "6.11.1"
source = { registry = "https://pypi.org/simple" }
dependencies = [
    { name = "pyside6-essentials" },
    { name = "shiboken6" },
]
wheels = [
    { url = "https://files.pythonhosted.org/packages/3f/6b/8bc94aff48b63f788f2d84e5467c12362d68906ba742c0942f46cb04c879/pyside6_addons-6.11.1-cp310-abi3-macosx_13_0_universal2.whl", hash = "sha256:54733c77f789bef5f03c6aff4ad3bec8b2eff021f0cfcbc53d5e6c250ded24f9", size = 331714589, upload-time = "2026-05-13T09:39:12.36Z" },
    { url = "https://files.pythonhosted.org/packages/dd/62/fb1428a523b2a4541e232aab50d9e789e6b4526f37fd9593452a7ea5b6b3/pyside6_addons-6.11.1-cp310-abi3-manylinux_2_34_x86_64.whl", hash = "sha256:8e6c65fbd73a512d6f72cda8d8277444a85a34dc99dd1dae9c21d35b8671bb1f", size = 175063224, upload-time = "2026-05-13T09:39:34.185Z" },
    { url = "https://files.pythonhosted.org/packages/ee/9b/2ccd52f66db55c06de65d0501170a1935d04d64d0a230c0d892284a02ce3/pyside6_addons-6.11.1-cp310-abi3-manylinux_2_39_aarch64.whl", hash = "sha256:bf1c6c4e954e5eba3d2a7c661ad4b9689e8f09c7f4a16bdf29713371d11af993", size = 170553429, upload-time = "2026-05-13T09:39:54.424Z" },
    { url = "https://files.pythonhosted.org/packages/9a/bd/8adc4d350b3b363f3dfc8fccdcf5bfed25f7e36c2fff30c64e106f4f1572/pyside6_addons-6.11.1-cp310-abi3-win_amd64.whl", hash = "sha256:0d13c4dfd671b050a48e4f8d8ddc724b7248f9c0437e7fc47fdf316278572923", size = 168816308, upload-time = "2026-05-13T09:40:13.541Z" },
    { url = "https://files.pythonhosted.org/packages/65/b7/9a840d97f0f0f04e372a87e205dd30ee285b4e3b021b188459a917c9dc76/pyside6_addons-6.11.1-cp310-abi3-win_arm64.whl", hash = "sha256:3494f480dee92f415be2f2d989c0b3f4755ac332b28045cbf4ba0f5c5a22ba37", size = 35759347, upload-time = "2026-05-13T09:40:21.199Z" },
]

[[package]]
name = "pyside6-essentials"
version = "6.11.1"
source = { registry = "https://pypi.org/simple" }
dependencies = [
    { name = "shiboken6" },
]
wheels = [
    { url = "https://files.pythonhosted.org/packages/b3/da/10d9197e7370eb4fed8df5fc547b7548dec88e5c5949e2d450db4ae96feb/pyside6_essentials-6.11.1-cp310-abi3-macosx_13_0_universal2.whl", hash = "sha256:228de53c2bc26b07e5021fbe3614fc44ca08e4dab9999af08c2b389d2c239957", size = 110352945, upload-time = "2026-05-13T09:43:08.006Z" },
    { url = "https://files.pythonhosted.org/packages/5c/49/0e1237c4400bec7e335d2c4eeb49bc40d9fd88a9ac44ca9083ce1abdc308/pyside6_essentials-6.11.1-cp310-abi3-manylinux_2_34_x86_64.whl", hash = "sha256:e3ef7027b41e4e55fadb56e3b3257dc8ee92154b639fe67fc4c8e05e9d976c60", size = 79908535, upload-time = "2026-05-13T09:43:24.836Z" },
    { url = "https://files.pythonhosted.org/packages/4c/c5/da4c5f23c6540ac5211a1f60177c8dee84b1bf40f2719479587ab8c60731/pyside6_essentials-6.11.1-cp310-abi3-manylinux_2_39_aarch64.whl", hash = "sha256:a039b6da68a3a4b9d243217b2b98d475eed3f617159ef6be925badab53c11b0d", size = 78960051, upload-time = "2026-05-13T09:43:35.423Z" },
    { url = "https://files.pythonhosted.org/packages/64/0e/b663ecc96ca57b5c91b83b6615d6b174380b0faf30338125c26e053d6aa7/pyside6_essentials-6.11.1-cp310-abi3-win_amd64.whl", hash = "sha256:63311bd48e32c584599ab04b9ef7c324082374cd2c9fa533f978fb893bb47e40", size = 77549267, upload-time = "2026-05-13T09:43:44.92Z" },
    { url = "https://files.pythonhosted.org/packages/f1/12/eb6723faf5cb7fa581145da1c15f40d641b96e080f0491af2f1859fdeedb/pyside6_essentials-6.11.1-cp310-abi3-win_arm64.whl", hash = "sha256:11253ea52aabecefe9febddbbe78b43a824129e3af1cec98431028fba7fa954f", size = 57964512, upload-time = "2026-05-13T09:43:52.968Z" },
]

[[package]]
name = "shiboken6"
version = "6.11.1"
source = { registry = "https://pypi.org/simple" }
wheels = [
    { url = "https://files.pythonhosted.org/packages/17/f3/f2b63df0251e7cd3172ea28e32ede52739de9566bcefcd0178681538ac81/shiboken6-6.11.1-cp310-abi3-macosx_13_0_universal2.whl", hash = "sha256:1a16867f103ef1c662a5f09dfed03273a9f81688b174555162c58e83650a3f02", size = 476874, upload-time = "2026-05-13T09:47:01.091Z" },
    { url = "https://files.pythonhosted.org/packages/c7/9b/e0355d8897b5c150770f1d95718aad17d432fcc9c035c04f3f58427d4693/shiboken6-6.11.1-cp310-abi3-manylinux_2_34_x86_64.whl", hash = "sha256:9a8bccfafc8805254cabcfa1edfaf55cd52889f4998c91ad0d9a4433fb1bcdbe", size = 272222, upload-time = "2026-05-13T09:47:02.653Z" },
    { url = "https://files.pythonhosted.org/packages/57/d5/dd4f1defed400be03340f2ede34b61f846776650b4e7ed9ebaf4c71979a2/shiboken6-6.11.1-cp310-abi3-manylinux_2_39_aarch64.whl", hash = "sha256:1bd2f4314414df2d122d9f646e03b731bc6d6b5f77a5f53f99a4fe4e97d84e6f", size = 270350, upload-time = "2026-05-13T09:47:04.02Z" },
    { url = "https://files.pythonhosted.org/packages/52/b5/3f6fb2ee65b534193fb4ef713dd619dc31dadff5d12c16979a7699ad58be/shiboken6-6.11.1-cp310-abi3-win_amd64.whl", hash = "sha256:c2c6863aa80ec18c0f82cea3417837b279cdc60024ac17123461dc9042577df7", size = 1223647, upload-time = "2026-05-13T09:47:05.924Z" },
    { url = "https://files.pythonhosted.org/packages/98/d1/f15ca0e1666faae02c945f48e745ea35f8fcd8243b176109b4e2c4251f47/shiboken6-6.11.1-cp310-abi3-win_arm64.whl", hash = "sha256:7c8d9af17db4495d4fa5b1c393f218311c4855546b9dfa6a0bd21bcd66b55e9d", size = 1784170, upload-time = "2026-05-13T09:47:07.617Z" },
]
